// !$*UTF8*$!
{
	archiveVersion = 1;
	classes = {
	};
	objectVersion = 46;
	objects = {

/* Begin PBXBuildFile section */
		F1EAA66D159AA8B4009D78EA /* UIKit.framework in Frameworks */ = {isa = PBXBuildFile; fileRef = F1EAA66C159AA8B4009D78EA /* UIKit.framework */; };
		F1EAA66F159AA8B4009D78EA /* Foundation.framework in Frameworks */ = {isa = PBXBuildFile; fileRef = F1EAA66E159AA8B4009D78EA /* Foundation.framework */; };
		F1EAA671159AA8B4009D78EA /* CoreGraphics.framework in Frameworks */ = {isa = PBXBuildFile; fileRef = F1EAA670159AA8B4009D78EA /* CoreGraphics.framework */; };
		F1EAA677159AA8B4009D78EA /* InfoPlist.strings in Resources */ = {isa = PBXBuildFile; fileRef = F1EAA675159AA8B4009D78EA /* InfoPlist.strings */; };
		F1EAA679159AA8B4009D78EA /* main.m in Sources */ = {isa = PBXBuildFile; fileRef = F1EAA678159AA8B4009D78EA /* main.m */; };
		F1EAA67D159AA8B4009D78EA /* AppDelegate.m in Sources */ = {isa = PBXBuildFile; fileRef = F1EAA67C159AA8B4009D78EA /* AppDelegate.m */; };
		F1EAA680159AA8B4009D78EA /* MainStoryboard_iPhone.storyboard in Resources */ = {isa = PBXBuildFile; fileRef = F1EAA67E159AA8B4009D78EA /* MainStoryboard_iPhone.storyboard */; };
		F1EAA683159AA8B5009D78EA /* MainStoryboard_iPad.storyboard in Resources */ = {isa = PBXBuildFile; fileRef = F1EAA681159AA8B5009D78EA /* MainStoryboard_iPad.storyboard */; };
		F1EAA686159AA8B5009D78EA /* ViewController.m in Sources */ = {isa = PBXBuildFile; fileRef = F1EAA685159AA8B5009D78EA /* ViewController.m */; };
/* End PBXBuildFile section */

/* Begin PBXFileReference section */
		F1EAA668159AA8B4009D78EA /* Project1.app */ = {isa = PBXFileReference; explicitFileType = wrapper.application; includeInIndex = 0; path = Project1.app; sourceTree = BUILT_PRODUCTS_DIR; };
		F1EAA66C159AA8B4009D78EA /* UIKit.framework */ = {isa = PBXFileReference; lastKnownFileType = wrapper.framework; name = UIKit.framework; path = System/Library/Frameworks/UIKit.framework; sourceTree = SDKROOT; };
		F1EAA66E159AA8B4009D78EA /* Foundation.framework */ = {isa = PBXFileReference; lastKnownFileType = wrapper.framework; name = Foundation.framework; path = System/Library/Frameworks/Foundation.framework; sourceTree = SDKROOT; };
		F1EAA670159AA8B4009D78EA /* CoreGraphics.framework */ = {isa = PBXFileReference; lastKnownFileType = wrapper.framework; name = CoreGraphics.framework; path = System/Library/Frameworks/CoreGraphics.framework; sourceTree = SDKROOT; };
		F1EAA674159AA8B4009D78EA /* Project1-Info.plist */ = {isa = PBXFileReference; lastKnownFileType = text.plist.xml; path = "Project1-Info.plist"; sourceTree = "<group>"; };
		F1EAA676159AA8B4009D78EA /* en */ = {isa = PBXFileReference; lastKnownFileType = text.plist.strings; name = en; path = en.lproj/InfoPlist.strings; sourceTree = "<group>"; };
		F1EAA678159AA8B4009D78EA /* main.m */ = {isa = PBXFileReference; lastKnownFileType = sourcecode.c.objc; path = main.m; sourceTree = "<group>"; };
		F1EAA67A159AA8B4009D78EA /* Project1-Prefix.pch */ = {isa = PBXFileReference; lastKnownFileType = sourcecode.c.h; path = "Project1-Prefix.pch"; sourceTree = "<group>"; };
		F1EAA67B159AA8B4009D78EA /* AppDelegate.h */ = {isa = PBXFileReference; lastKnownFileType = sourcecode.c.h; path = AppDelegate.h; sourceTree = "<group>"; };
		F1EAA67C159AA8B4009D78EA /* AppDelegate.m */ = {isa = PBXFileReference; lastKnownFileType = sourcecode.c.objc; path = AppDelegate.m; sourceTree = "<group>"; };
		F1EAA67F159AA8B4009D78EA /* en */ = {isa = PBXFileReference; lastKnownFileType = file.storyboard; name = en; path = en.lproj/MainStoryboard_iPhone.storyboard; sourceTree = "<group>"; };
		F1EAA682159AA8B5009D78EA /* en */ = {isa = PBXFileReference; lastKnownFileType = file.storyboard; name = en; path = en.lproj/MainStoryboard_iPad.storyboard; sourceTree = "<group>"; };
		F1EAA684159AA8B5009D78EA /* ViewController.h */ = {isa = PBXFileReference; lastKnownFileType = sourcecode.c.h; path = ViewController.h; sourceTree = "<group>"; };
		F1EAA685159AA8B5009D78EA /* ViewController.m */ = {isa = PBXFileReference; lastKnownFileType = sourcecode.c.objc; path = ViewController.m; sourceTree = "<group>"; };
/* End PBXFileReference section */

/* Begin PBXFrameworksBuildPhase section */
		F1EAA665159AA8B4009D78EA /* Frameworks */ = {
			isa = PBXFrameworksBuildPhase;
			buildActionMask = 2147483647;
			files = (
				F1EAA66D159AA8B4009D78EA /* UIKit.framework in Frameworks */,
				F1EAA66F159AA8B4009D78EA /* Foundation.framework in Frameworks */,
				F1EAA671159AA8B4009D78EA /* CoreGraphics.framework in Frameworks */,
			);
			runOnlyForDeploymentPostprocessing = 0;
		};
/* End PBXFrameworksBuildPhase section */

/* Begin PBXGroup section */
		F1EAA65D159AA8B4009D78EA = {
			isa = PBXGroup;
			children = (
				F1EAA672159AA8B4009D78EA /* Project1 */,
				F1EAA66B159AA8B4009D78EA /* Frameworks */,
				F1EAA669159AA8B4009D78EA /* Products */,
			);
			sourceTree = "<group>";
		};
		F1EAA669159AA8B4009D78EA /* Products */ = {
			isa = PBXGroup;
			children = (
				F1EAA668159AA8B4009D78EA /* Project1.app */,
			);
			name = Products;
			sourceTree = "<group>";
		};
		F1EAA66B159AA8B4009D78EA /* Frameworks */ = {
			isa = PBXGroup;
			children = (
				F1EAA66C159AA8B4009D78EA /* UIKit.framework */,
				F1EAA66E159AA8B4009D78EA /* Foundation.framework */,
				F1EAA670159AA8B4009D78EA /* CoreGraphics.framework */,
			);
			name = Frameworks;
			sourceTree = "<group>";
		};
		F1EAA672159AA8B4009D78EA /* Project1 */ = {
			isa = PBXGroup;
			children = (
				F1EAA67B159AA8B4009D78EA /* AppDelegate.h */,
				F1EAA67C159AA8B4009D78EA /* AppDelegate.m */,
				F1EAA67E159AA8B4009D78EA /* MainStoryboard_iPhone.storyboard */,
				F1EAA681159AA8B5009D78EA /* MainStoryboard_iPad.storyboard */,
				F1EAA684159AA8B5009D78EA /* ViewController.h */,
				F1EAA685159AA8B5009D78EA /* ViewController.m */,
				F1EAA673159AA8B4009D78EA /* Supporting Files */,
			);
			path = Project1;
			sourceTree = "<group>";
		};
		F1EAA673159AA8B4009D78EA /* Supporting Files */ = {
			isa = PBXGroup;
			children = (
				F1EAA674159AA8B4009D78EA /* Project1-Info.plist */,
				F1EAA675159AA8B4009D78EA /* InfoPlist.strings */,
				F1EAA678159AA8B4009D78EA /* main.m */,
				F1EAA67A159AA8B4009D78EA /* Project1-Prefix.pch */,
			);
			name = "Supporting Files";
			sourceTree = "<group>";
		};
/* End PBXGroup section */

/* Begin PBXNativeTarget section */
		F1EAA667159AA8B4009D78EA /* Project1 */ = {
			isa = PBXNativeTarget;
			buildConfigurationList = F1EAA689159AA8B5009D78EA /* Build configuration list for PBXNativeTarget "Project1" */;
			buildPhases = (
				F1EAA664159AA8B4009D78EA /* Sources */,
				F1EAA665159AA8B4009D78EA /* Frameworks */,
				F1EAA666159AA8B4009D78EA /* Resources */,
			);
			buildRules = (
			);
			dependencies = (
			);
			name = Project1;
			productName = Project1;
			productReference = F1EAA668159AA8B4009D78EA /* Project1.app */;
			productType = "com.apple.product-type.application";
		};
/* End PBXNativeTarget section */

/* Begin PBXProject section */
		F1EAA65F159AA8B4009D78EA /* Project object */ = {
			isa = PBXProject;
			attributes = {
				LastUpgradeCheck = 0430;
				ORGANIZATIONNAME = "Full Sail University";
			};
			buildConfigurationList = F1EAA662159AA8B4009D78EA /* Build configuration list for PBXProject "Project1" */;
			compatibilityVersion = "Xcode 3.2";
			developmentRegion = English;
			hasScannedForEncodings = 0;
			knownRegions = (
				en,
			);
			mainGroup = F1EAA65D159AA8B4009D78EA;
			productRefGroup = F1EAA669159AA8B4009D78EA /* Products */;
			projectDirPath = "";
			projectRoot = "";
			targets = (
				F1EAA667159AA8B4009D78EA /* Project1 */,
			);
		};
/* End PBXProject section */

/* Begin PBXResourcesBuildPhase section */
		F1EAA666159AA8B4009D78EA /* Resources */ = {
			isa = PBXResourcesBuildPhase;
			buildActionMask = 2147483647;
			files = (
				F1EAA677159AA8B4009D78EA /* InfoPlist.strings in Resources */,
				F1EAA680159AA8B4009D78EA /* MainStoryboard_iPhone.storyboard in Resources */,
				F1EAA683159AA8B5009D78EA /* MainStoryboard_iPad.storyboard in Resources */,
			);
			runOnlyForDeploymentPostprocessing = 0;
		};
/* End PBXResourcesBuildPhase section */

/* Begin PBXSourcesBuildPhase section */
		F1EAA664159AA8B4009D78EA /* Sources */ = {
			isa = PBXSourcesBuildPhase;
			buildActionMask = 2147483647;
			files = (
				F1EAA679159AA8B4009D78EA /* main.m in Sources */,
				F1EAA67D159AA8B4009D78EA /* AppDelegate.m in Sources */,
				F1EAA686159AA8B5009D78EA /* ViewController.m in Sources */,
			);
			runOnlyForDeploymentPostprocessing = 0;
		};
/* End PBXSourcesBuildPhase section */

/* Begin PBXVariantGroup section */
		F1EAA675159AA8B4009D78EA /* InfoPlist.strings */ = {
			isa = PBXVariantGroup;
			children = (
				F1EAA676159AA8B4009D78EA /* en */,
			);
			name = InfoPlist.strings;
			sourceTree = "<group>";
		};
		F1EAA67E159AA8B4009D78EA /* MainStoryboard_iPhone.storyboard */ = {
			isa = PBXVariantGroup;
			children = (
				F1EAA67F159AA8B4009D78EA /* en */,
			);
			name = MainStoryboard_iPhone.storyboard;
			sourceTree = "<group>";
		};
		F1EAA681159AA8B5009D78EA /* MainStoryboard_iPad.storyboard */ = {
			isa = PBXVariantGroup;
			children = (
				F1EAA682159AA8B5009D78EA /* en */,
			);
			name = MainStoryboard_iPad.storyboard;
			sourceTree = "<group>";
		};
/* End PBXVariantGroup section */

/* Begin XCBuildConfiguration section */
		F1EAA687159AA8B5009D78EA /* Debug */ = {
			isa = XCBuildConfiguration;
			buildSettings = {
				ALWAYS_SEARCH_USER_PATHS = NO;
				ARCHS = "$(ARCHS_STANDARD_32_BIT)";
				"CODE_SIGN_IDENTITY[sdk=iphoneos*]" = "iPhone Developer";
				COPY_PHASE_STRIP = NO;
				GCC_C_LANGUAGE_STANDARD = gnu99;
				GCC_DYNAMIC_NO_PIC = NO;
				GCC_OPTIMIZATION_LEVEL = 0;
				GCC_PREPROCESSOR_DEFINITIONS = (
					"DEBUG=1",
					"$(inherited)",
				);
				GCC_SYMBOLS_PRIVATE_EXTERN = NO;
				GCC_VERSION = com.apple.compilers.llvm.clang.1_0;
				GCC_WARN_ABOUT_RETURN_TYPE = YES;
				GCC_WARN_UNINITIALIZED_AUTOS = YES;
				GCC_WARN_UNUSED_VARIABLE = YES;
				IPHONEOS_DEPLOYMENT_TARGET = 5.1;
				SDKROOT = iphoneos;
				TARGETED_DEVICE_FAMILY = "1,2";
			};
			name = Debug;
		};
		F1EAA688159AA8B5009D78EA /* Release */ = {
			isa = XCBuildConfiguration;
			buildSettings = {
				ALWAYS_SEARCH_USER_PATHS = NO;
				ARCHS = "$(ARCHS_STANDARD_32_BIT)";
				"CODE_SIGN_IDENTITY[sdk=iphoneos*]" = "iPhone Developer";
				COPY_PHASE_STRIP = YES;
				GCC_C_LANGUAGE_STANDARD = gnu99;
				GCC_VERSION = com.apple.compilers.llvm.clang.1_0;
				GCC_WARN_ABOUT_RETURN_TYPE = YES;
				GCC_WARN_UNINITIALIZED_AUTOS = YES;
				GCC_WARN_UNUSED_VARIABLE = YES;
				IPHONEOS_DEPLOYMENT_TARGET = 5.1;
				OTHER_CFLAGS = "-DNS_BLOCK_ASSERTIONS=1";
				SDKROOT = iphoneos;
				TARGETED_DEVICE_FAMILY = "1,2";
				VALIDATE_PRODUCT = YES;
			};
			name = Release;
		};
		F1EAA68A159AA8B5009D78EA /* Debug */ = {
			isa = XCBuildConfiguration;
			buildSettings = {
				GCC_PRECOMPILE_PREFIX_HEADER = YES;
				GCC_PREFIX_HEADER = "Project1/Project1-Prefix.pch";
				INFOPLIST_FILE = "Project1/Project1-Info.plist";
				PRODUCT_NAME = "$(TARGET_NAME)";
				WRAPPER_EXTENSION = app;
			};
			name = Debug;
		};
		F1EAA68B159AA8B5009D78EA /* Release */ = {
			isa = XCBuildConfiguration;
			buildSettings = {
				GCC_PRECOMPILE_PREFIX_HEADER = YES;
				GCC_PREFIX_HEADER = "Project1/Project1-Prefix.pch";
				INFOPLIST_FILE = "Project1/Project1-Info.plist";
				PRODUCT_NAME = "$(TARGET_NAME)";
				WRAPPER_EXTENSION = app;
			};
			name = Release;
		};
/* End XCBuildConfiguration section */

/* Begin XCConfigurationList section */
		F1EAA662159AA8B4009D78EA /* Build configuration list for PBXProject "Project1" */ = {
			isa = XCConfigurationList;
			buildConfigurations = (
				F1EAA687159AA8B5009D78EA /* Debug */,
				F1EAA688159AA8B5009D78EA /* Release */,
			);
			defaultConfigurationIsVisible = 0;
			defaultConfigurationName = Release;
		};
		F1EAA689159AA8B5009D78EA /* Build configuration list for PBXNativeTarget "Project1" */ = {
			isa = XCConfigurationList;
			buildConfigurations = (
				F1EAA68A159AA8B5009D78EA /* Debug */,
				F1EAA68B159AA8B5009D78EA /* Release */,
			);
			defaultConfigurationIsVisible = 0;
		};
/* End XCConfigurationList section */
	};
	rootObject = F1EAA65F159AA8B4009D78EA /* Project object */;
}
